
Microsoft Visual Studio Solution File, Format Version 12.00
# Visual Studio 2013
VisualStudioVersion = 12.0.30110.0
MinimumVisualStudioVersion = 10.0.40219.1
Project("{FAE04EC0-301F-11D3-BF4B-00C04F79EFBC}") = "Durandal451", "Durandal451\Durandal451.csproj", "{E5385950-C0D6-4CA2-B756-D730DA647F9D}"
EndProject
Project("{2150E333-8FDC-42A3-9474-1A3956D46DE8}") = ".nuget", ".nuget", "{1E812D92-517B-4496-93D7-D739DC57F27E}"
	ProjectSection(SolutionItems) = preProject
		.nuget\NuGet.Config = .nuget\NuGet.Config
		.nuget\NuGet.exe = .nuget\NuGet.exe
		.nuget\NuGet.targets = .nuget\NuGet.targets
	EndProjectSection
EndProject
Project("{2150E333-8FDC-42A3-9474-1A3956D46DE8}") = "Solution Items", "Solution Items", "{3EAB9AC7-4414-4F7F-A577-7AA3666C44B7}"
	ProjectSection(SolutionItems) = preProject
		Nuget\CreateContent.bat = Nuget\CreateContent.bat
		Nuget\package\Durandal.Authentication.nuspec = Nuget\package\Durandal.Authentication.nuspec
		readme.md = readme.md
		Nuget\transformations.ps1 = Nuget\transformations.ps1
	EndProjectSection
EndProject
Global
	GlobalSection(SolutionConfigurationPlatforms) = preSolution
		Debug|Any CPU = Debug|Any CPU
		Release|Any CPU = Release|Any CPU
	EndGlobalSection
	GlobalSection(ProjectConfigurationPlatforms) = postSolution
		{E5385950-C0D6-4CA2-B756-D730DA647F9D}.Debug|Any CPU.ActiveCfg = Debug|Any CPU
		{E5385950-C0D6-4CA2-B756-D730DA647F9D}.Debug|Any CPU.Build.0 = Debug|Any CPU
		{E5385950-C0D6-4CA2-B756-D730DA647F9D}.Release|Any CPU.ActiveCfg = Release|Any CPU
		{E5385950-C0D6-4CA2-B756-D730DA647F9D}.Release|Any CPU.Build.0 = Release|Any CPU
	EndGlobalSection
	GlobalSection(SolutionProperties) = preSolution
		HideSolutionNode = FALSE
	EndGlobalSection
EndGlobal
